
Microsoft Visual Studio Solution File, Format Version 10.00
# Visual Studio 2008
Project("{FAE04EC0-301F-11D3-BF4B-00C04F79EFBC}") = "WPFTestRunner", "WPFTestRunner.csproj", "{6E76C9D7-F95E-4978-8DD2-07471792E7AA}"
EndProject
Global
	GlobalSection(SolutionConfigurationPlatforms) = preSolution
		Debug|Any CPU = Debug|Any CPU
		Release|Any CPU = Release|Any CPU
	EndGlobalSection
	GlobalSection(ProjectConfigurationPlatforms) = postSolution
		{6E76C9D7-F95E-4978-8DD2-07471792E7AA}.Debug|Any CPU.ActiveCfg = Debug|Any CPU
		{6E76C9D7-F95E-4978-8DD2-07471792E7AA}.Debug|Any CPU.Build.0 = Debug|Any CPU
		{6E76C9D7-F95E-4978-8DD2-07471792E7AA}.Release|Any CPU.ActiveCfg = Release|Any CPU
		{6E76C9D7-F95E-4978-8DD2-07471792E7AA}.Release|Any CPU.Build.0 = Release|Any CPU
	EndGlobalSection
	GlobalSection(SolutionProperties) = preSolution
		HideSolutionNode = FALSE
	EndGlobalSection
EndGlobal
